
Microsoft Visual Studio Solution File, Format Version 12.00
# Visual Studio Version 17
Project("{8BC9CEB8-8B4A-11D0-8D11-00A0C91BC942}") = "ALL_BUILD", "ALL_BUILD.vcxproj", "{26DB46FE-5897-31E4-89D6-E497F4B725B4}"
	ProjectSection(ProjectDependencies) = postProject
		{8d538cbe-01bf-4a2e-a98a-6c368fdf13d7} = {8d538cbe-01bf-4a2e-a98a-6c368fdf13d7}
		{8bd3552a-2cfb-4a59-ab15-2031b97ada1e} = {8bd3552a-2cfb-4a59-ab15-2031b97ada1e}
		{70875723-14F9-347D-B36E-C293D3A8B751} = {70875723-14F9-347D-B36E-C293D3A8B751}
		{B3BF85A0-3555-38B8-A4FE-3CB0F30CF18B} = {B3BF85A0-3555-38B8-A4FE-3CB0F30CF18B}
		{C1402A9B-BD83-3CCC-828A-262FD38423D3} = {C1402A9B-BD83-3CCC-828A-262FD38423D3}
		{BDF2982C-DB08-31E1-932B-894CC9F8A4CF} = {BDF2982C-DB08-31E1-932B-894CC9F8A4CF}
		{C8A5783B-2A89-307A-98C3-9DE9B8315962} = {C8A5783B-2A89-307A-98C3-9DE9B8315962}
		{3CDFEB9C-D62F-3151-A250-7FFE5900B0C2} = {3CDFEB9C-D62F-3151-A250-7FFE5900B0C2}
		{76586611-E640-341A-B9EB-41D30E411C12} = {76586611-E640-341A-B9EB-41D30E411C12}
		{FF6B440F-AB08-345A-B28C-EE51EE7334D0} = {FF6B440F-AB08-345A-B28C-EE51EE7334D0}
		{31CE80F8-31F3-3DF7-917C-DCDA037EA5BE} = {31CE80F8-31F3-3DF7-917C-DCDA037EA5BE}
		{AE835D58-1866-3CF7-AF4F-AD66E9AC67E8} = {AE835D58-1866-3CF7-AF4F-AD66E9AC67E8}
		{8A3FE104-70D6-3021-8E1A-C3BCF2A56EC1} = {8A3FE104-70D6-3021-8E1A-C3BCF2A56EC1}
		{7154859F-460C-39B3-BCBF-477CA87330C9} = {7154859F-460C-39B3-BCBF-477CA87330C9}
		{5FEAE2D7-42DA-3056-8963-4CC6F7549C9A} = {5FEAE2D7-42DA-3056-8963-4CC6F7549C9A}
		{73ABD488-1EE7-31AE-8C74-DD8B3A9ED432} = {73ABD488-1EE7-31AE-8C74-DD8B3A9ED432}
		{4A20D676-2578-3E94-BC40-5C19EBACFCE1} = {4A20D676-2578-3E94-BC40-5C19EBACFCE1}
		{43961550-0992-3426-96DE-266975D77153} = {43961550-0992-3426-96DE-266975D77153}
		{8A61E356-80F6-30A0-8476-718A91CB793C} = {8A61E356-80F6-30A0-8476-718A91CB793C}
		{7E8E557F-C0AB-3A3E-80AF-F7B8F8725776} = {7E8E557F-C0AB-3A3E-80AF-F7B8F8725776}
		{799599A3-2374-32F5-ADBA-BE2CAB2EE63F} = {799599A3-2374-32F5-ADBA-BE2CAB2EE63F}
		{8C20A2C7-7FAF-357C-81C4-FE02F30C65C4} = {8C20A2C7-7FAF-357C-81C4-FE02F30C65C4}
		{E8390C6F-4653-33E1-8B38-94E013C36973} = {E8390C6F-4653-33E1-8B38-94E013C36973}
		{B54EA117-0805-3ECB-8F52-AB283B1DC65E} = {B54EA117-0805-3ECB-8F52-AB283B1DC65E}
		{F64FAE1B-742F-37FF-8F96-142EF5BFD4E0} = {F64FAE1B-742F-37FF-8F96-142EF5BFD4E0}
		{EA378651-CB3E-3044-96DF-4F78689FA8E4} = {EA378651-CB3E-3044-96DF-4F78689FA8E4}
		{2319E844-2B68-3FFF-BD24-EA30BC230DD7} = {2319E844-2B68-3FFF-BD24-EA30BC230DD7}
		{BECF3940-3761-36F8-9D93-832CA8770566} = {BECF3940-3761-36F8-9D93-832CA8770566}
		{EDAB600A-9E71-3D0B-B395-157AA52764D3} = {EDAB600A-9E71-3D0B-B395-157AA52764D3}
	EndProjectSection
EndProject
Project("{8BC9CEB8-8B4A-11D0-8D11-00A0C91BC942}") = "Catch2", "_deps\catch2-build\src\Catch2.vcxproj", "{8d538cbe-01bf-4a2e-a98a-6c368fdf13d7}"
	ProjectSection(ProjectDependencies) = postProject
		{70875723-14F9-347D-B36E-C293D3A8B751} = {70875723-14F9-347D-B36E-C293D3A8B751}
	EndProjectSection
EndProject
Project("{8BC9CEB8-8B4A-11D0-8D11-00A0C91BC942}") = "Catch2WithMain", "_deps\catch2-build\src\Catch2WithMain.vcxproj", "{8bd3552a-2cfb-4a59-ab15-2031b97ada1e}"
	ProjectSection(ProjectDependencies) = postProject
		{8d538cbe-01bf-4a2e-a98a-6c368fdf13d7} = {8d538cbe-01bf-4a2e-a98a-6c368fdf13d7}
		{70875723-14F9-347D-B36E-C293D3A8B751} = {70875723-14F9-347D-B36E-C293D3A8B751}
	EndProjectSection
EndProject
Project("{8BC9CEB8-8B4A-11D0-8D11-00A0C91BC942}") = "Continuous", "Continuous.vcxproj", "{4F6AC416-1FE6-3D3E-934D-FC2C8A3F2F8A}"
	ProjectSection(ProjectDependencies) = postProject
		{70875723-14F9-347D-B36E-C293D3A8B751} = {70875723-14F9-347D-B36E-C293D3A8B751}
	EndProjectSection
EndProject
Project("{8BC9CEB8-8B4A-11D0-8D11-00A0C91BC942}") = "Experimental", "Experimental.vcxproj", "{8CF193BE-B639-3BC7-AF1B-82CAB6034F2A}"
	ProjectSection(ProjectDependencies) = postProject
		{70875723-14F9-347D-B36E-C293D3A8B751} = {70875723-14F9-347D-B36E-C293D3A8B751}
	EndProjectSection
EndProject
Project("{8BC9CEB8-8B4A-11D0-8D11-00A0C91BC942}") = "INSTALL", "INSTALL.vcxproj", "{038BF791-0962-34ED-8086-EF16D51BC02C}"
	ProjectSection(ProjectDependencies) = postProject
		{26DB46FE-5897-31E4-89D6-E497F4B725B4} = {26DB46FE-5897-31E4-89D6-E497F4B725B4}
		{70875723-14F9-347D-B36E-C293D3A8B751} = {70875723-14F9-347D-B36E-C293D3A8B751}
	EndProjectSection
EndProject
Project("{8BC9CEB8-8B4A-11D0-8D11-00A0C91BC942}") = "Nightly", "Nightly.vcxproj", "{2216084E-71C7-3622-94F8-D2590EDB0712}"
	ProjectSection(ProjectDependencies) = postProject
		{70875723-14F9-347D-B36E-C293D3A8B751} = {70875723-14F9-347D-B36E-C293D3A8B751}
	EndProjectSection
EndProject
Project("{8BC9CEB8-8B4A-11D0-8D11-00A0C91BC942}") = "NightlyMemoryCheck", "NightlyMemoryCheck.vcxproj", "{144C4938-953E-3B3C-B18E-E6873595F5D7}"
	ProjectSection(ProjectDependencies) = postProject
		{70875723-14F9-347D-B36E-C293D3A8B751} = {70875723-14F9-347D-B36E-C293D3A8B751}
	EndProjectSection
EndProject
Project("{8BC9CEB8-8B4A-11D0-8D11-00A0C91BC942}") = "PACKAGE", "PACKAGE.vcxproj", "{B133485F-8FFB-3A6F-A9C7-7556EAD363A8}"
	ProjectSection(ProjectDependencies) = postProject
		{26DB46FE-5897-31E4-89D6-E497F4B725B4} = {26DB46FE-5897-31E4-89D6-E497F4B725B4}
		{70875723-14F9-347D-B36E-C293D3A8B751} = {70875723-14F9-347D-B36E-C293D3A8B751}
	EndProjectSection
EndProject
Project("{8BC9CEB8-8B4A-11D0-8D11-00A0C91BC942}") = "RUN_TESTS", "RUN_TESTS.vcxproj", "{7B2A27CE-F3D3-3BE9-A374-F6866D4BFDFA}"
	ProjectSection(ProjectDependencies) = postProject
		{70875723-14F9-347D-B36E-C293D3A8B751} = {70875723-14F9-347D-B36E-C293D3A8B751}
	EndProjectSection
EndProject
Project("{8BC9CEB8-8B4A-11D0-8D11-00A0C91BC942}") = "ZERO_CHECK", "ZERO_CHECK.vcxproj", "{70875723-14F9-347D-B36E-C293D3A8B751}"
	ProjectSection(ProjectDependencies) = postProject
	EndProjectSection
EndProject
Project("{8BC9CEB8-8B4A-11D0-8D11-00A0C91BC942}") = "benchmark", "_deps\gbench-build\src\benchmark.vcxproj", "{B3BF85A0-3555-38B8-A4FE-3CB0F30CF18B}"
	ProjectSection(ProjectDependencies) = postProject
		{70875723-14F9-347D-B36E-C293D3A8B751} = {70875723-14F9-347D-B36E-C293D3A8B751}
	EndProjectSection
EndProject
Project("{8BC9CEB8-8B4A-11D0-8D11-00A0C91BC942}") = "benchmark_main", "_deps\gbench-build\src\benchmark_main.vcxproj", "{C1402A9B-BD83-3CCC-828A-262FD38423D3}"
	ProjectSection(ProjectDependencies) = postProject
		{70875723-14F9-347D-B36E-C293D3A8B751} = {70875723-14F9-347D-B36E-C293D3A8B751}
		{B3BF85A0-3555-38B8-A4FE-3CB0F30CF18B} = {B3BF85A0-3555-38B8-A4FE-3CB0F30CF18B}
	EndProjectSection
EndProject
Project("{8BC9CEB8-8B4A-11D0-8D11-00A0C91BC942}") = "connectivity_smoke", "connectivity_smoke.vcxproj", "{BDF2982C-DB08-31E1-932B-894CC9F8A4CF}"
	ProjectSection(ProjectDependencies) = postProject
		{70875723-14F9-347D-B36E-C293D3A8B751} = {70875723-14F9-347D-B36E-C293D3A8B751}
		{EA378651-CB3E-3044-96DF-4F78689FA8E4} = {EA378651-CB3E-3044-96DF-4F78689FA8E4}
	EndProjectSection
EndProject
Project("{8BC9CEB8-8B4A-11D0-8D11-00A0C91BC942}") = "gmock", "_deps\googletest-build\googlemock\gmock.vcxproj", "{C8A5783B-2A89-307A-98C3-9DE9B8315962}"
	ProjectSection(ProjectDependencies) = postProject
		{70875723-14F9-347D-B36E-C293D3A8B751} = {70875723-14F9-347D-B36E-C293D3A8B751}
	EndProjectSection
EndProject
Project("{8BC9CEB8-8B4A-11D0-8D11-00A0C91BC942}") = "gmock_main", "_deps\googletest-build\googlemock\gmock_main.vcxproj", "{3CDFEB9C-D62F-3151-A250-7FFE5900B0C2}"
	ProjectSection(ProjectDependencies) = postProject
		{70875723-14F9-347D-B36E-C293D3A8B751} = {70875723-14F9-347D-B36E-C293D3A8B751}
	EndProjectSection
EndProject
Project("{8BC9CEB8-8B4A-11D0-8D11-00A0C91BC942}") = "gtest", "_deps\googletest-build\googletest\gtest.vcxproj", "{76586611-E640-341A-B9EB-41D30E411C12}"
	ProjectSection(ProjectDependencies) = postProject
		{70875723-14F9-347D-B36E-C293D3A8B751} = {70875723-14F9-347D-B36E-C293D3A8B751}
	EndProjectSection
EndProject
Project("{8BC9CEB8-8B4A-11D0-8D11-00A0C91BC942}") = "gtest_main", "_deps\googletest-build\googletest\gtest_main.vcxproj", "{FF6B440F-AB08-345A-B28C-EE51EE7334D0}"
	ProjectSection(ProjectDependencies) = postProject
		{70875723-14F9-347D-B36E-C293D3A8B751} = {70875723-14F9-347D-B36E-C293D3A8B751}
		{76586611-E640-341A-B9EB-41D30E411C12} = {76586611-E640-341A-B9EB-41D30E411C12}
	EndProjectSection
EndProject
Project("{8BC9CEB8-8B4A-11D0-8D11-00A0C91BC942}") = "hnsw_connectivity_test", "hnsw_connectivity_test.vcxproj", "{31CE80F8-31F3-3DF7-917C-DCDA037EA5BE}"
	ProjectSection(ProjectDependencies) = postProject
		{70875723-14F9-347D-B36E-C293D3A8B751} = {70875723-14F9-347D-B36E-C293D3A8B751}
		{EA378651-CB3E-3044-96DF-4F78689FA8E4} = {EA378651-CB3E-3044-96DF-4F78689FA8E4}
	EndProjectSection
EndProject
Project("{8BC9CEB8-8B4A-11D0-8D11-00A0C91BC942}") = "hnsw_index_test", "hnsw_index_test.vcxproj", "{AE835D58-1866-3CF7-AF4F-AD66E9AC67E8}"
	ProjectSection(ProjectDependencies) = postProject
		{70875723-14F9-347D-B36E-C293D3A8B751} = {70875723-14F9-347D-B36E-C293D3A8B751}
		{76586611-E640-341A-B9EB-41D30E411C12} = {76586611-E640-341A-B9EB-41D30E411C12}
		{FF6B440F-AB08-345A-B28C-EE51EE7334D0} = {FF6B440F-AB08-345A-B28C-EE51EE7334D0}
		{EA378651-CB3E-3044-96DF-4F78689FA8E4} = {EA378651-CB3E-3044-96DF-4F78689FA8E4}
	EndProjectSection
EndProject
Project("{8BC9CEB8-8B4A-11D0-8D11-00A0C91BC942}") = "hnsw_thread_pool_stress_test", "hnsw_thread_pool_stress_test.vcxproj", "{8A3FE104-70D6-3021-8E1A-C3BCF2A56EC1}"
	ProjectSection(ProjectDependencies) = postProject
		{70875723-14F9-347D-B36E-C293D3A8B751} = {70875723-14F9-347D-B36E-C293D3A8B751}
		{76586611-E640-341A-B9EB-41D30E411C12} = {76586611-E640-341A-B9EB-41D30E411C12}
		{FF6B440F-AB08-345A-B28C-EE51EE7334D0} = {FF6B440F-AB08-345A-B28C-EE51EE7334D0}
		{EA378651-CB3E-3044-96DF-4F78689FA8E4} = {EA378651-CB3E-3044-96DF-4F78689FA8E4}
	EndProjectSection
EndProject
Project("{8BC9CEB8-8B4A-11D0-8D11-00A0C91BC942}") = "integration_test", "integration_test.vcxproj", "{7154859F-460C-39B3-BCBF-477CA87330C9}"
	ProjectSection(ProjectDependencies) = postProject
		{70875723-14F9-347D-B36E-C293D3A8B751} = {70875723-14F9-347D-B36E-C293D3A8B751}
		{EA378651-CB3E-3044-96DF-4F78689FA8E4} = {EA378651-CB3E-3044-96DF-4F78689FA8E4}
	EndProjectSection
EndProject
Project("{8BC9CEB8-8B4A-11D0-8D11-00A0C91BC942}") = "kmeans_test", "kmeans_test.vcxproj", "{5FEAE2D7-42DA-3056-8963-4CC6F7549C9A}"
	ProjectSection(ProjectDependencies) = postProject
		{70875723-14F9-347D-B36E-C293D3A8B751} = {70875723-14F9-347D-B36E-C293D3A8B751}
		{76586611-E640-341A-B9EB-41D30E411C12} = {76586611-E640-341A-B9EB-41D30E411C12}
		{FF6B440F-AB08-345A-B28C-EE51EE7334D0} = {FF6B440F-AB08-345A-B28C-EE51EE7334D0}
		{EA378651-CB3E-3044-96DF-4F78689FA8E4} = {EA378651-CB3E-3044-96DF-4F78689FA8E4}
	EndProjectSection
EndProject
Project("{8BC9CEB8-8B4A-11D0-8D11-00A0C91BC942}") = "multi_index_test", "multi_index_test.vcxproj", "{73ABD488-1EE7-31AE-8C74-DD8B3A9ED432}"
	ProjectSection(ProjectDependencies) = postProject
		{8d538cbe-01bf-4a2e-a98a-6c368fdf13d7} = {8d538cbe-01bf-4a2e-a98a-6c368fdf13d7}
		{8bd3552a-2cfb-4a59-ab15-2031b97ada1e} = {8bd3552a-2cfb-4a59-ab15-2031b97ada1e}
		{70875723-14F9-347D-B36E-C293D3A8B751} = {70875723-14F9-347D-B36E-C293D3A8B751}
		{EA378651-CB3E-3044-96DF-4F78689FA8E4} = {EA378651-CB3E-3044-96DF-4F78689FA8E4}
	EndProjectSection
EndProject
Project("{8BC9CEB8-8B4A-11D0-8D11-00A0C91BC942}") = "roaring", "_deps\croaring-build\src\roaring.vcxproj", "{4A20D676-2578-3E94-BC40-5C19EBACFCE1}"
	ProjectSection(ProjectDependencies) = postProject
		{70875723-14F9-347D-B36E-C293D3A8B751} = {70875723-14F9-347D-B36E-C293D3A8B751}
	EndProjectSection
EndProject
Project("{8BC9CEB8-8B4A-11D0-8D11-00A0C91BC942}") = "simd_kernels_test", "simd_kernels_test.vcxproj", "{43961550-0992-3426-96DE-266975D77153}"
	ProjectSection(ProjectDependencies) = postProject
		{70875723-14F9-347D-B36E-C293D3A8B751} = {70875723-14F9-347D-B36E-C293D3A8B751}
		{76586611-E640-341A-B9EB-41D30E411C12} = {76586611-E640-341A-B9EB-41D30E411C12}
		{FF6B440F-AB08-345A-B28C-EE51EE7334D0} = {FF6B440F-AB08-345A-B28C-EE51EE7334D0}
		{EA378651-CB3E-3044-96DF-4F78689FA8E4} = {EA378651-CB3E-3044-96DF-4F78689FA8E4}
	EndProjectSection
EndProject
Project("{8BC9CEB8-8B4A-11D0-8D11-00A0C91BC942}") = "stress_test", "stress_test.vcxproj", "{8A61E356-80F6-30A0-8476-718A91CB793C}"
	ProjectSection(ProjectDependencies) = postProject
		{70875723-14F9-347D-B36E-C293D3A8B751} = {70875723-14F9-347D-B36E-C293D3A8B751}
		{76586611-E640-341A-B9EB-41D30E411C12} = {76586611-E640-341A-B9EB-41D30E411C12}
		{FF6B440F-AB08-345A-B28C-EE51EE7334D0} = {FF6B440F-AB08-345A-B28C-EE51EE7334D0}
		{EA378651-CB3E-3044-96DF-4F78689FA8E4} = {EA378651-CB3E-3044-96DF-4F78689FA8E4}
	EndProjectSection
EndProject
Project("{8BC9CEB8-8B4A-11D0-8D11-00A0C91BC942}") = "test_hnsw_batch", "test_hnsw_batch.vcxproj", "{7E8E557F-C0AB-3A3E-80AF-F7B8F8725776}"
	ProjectSection(ProjectDependencies) = postProject
		{70875723-14F9-347D-B36E-C293D3A8B751} = {70875723-14F9-347D-B36E-C293D3A8B751}
		{EA378651-CB3E-3044-96DF-4F78689FA8E4} = {EA378651-CB3E-3044-96DF-4F78689FA8E4}
	EndProjectSection
EndProject
Project("{8BC9CEB8-8B4A-11D0-8D11-00A0C91BC942}") = "test_index_manager", "test_index_manager.vcxproj", "{799599A3-2374-32F5-ADBA-BE2CAB2EE63F}"
	ProjectSection(ProjectDependencies) = postProject
		{70875723-14F9-347D-B36E-C293D3A8B751} = {70875723-14F9-347D-B36E-C293D3A8B751}
		{EA378651-CB3E-3044-96DF-4F78689FA8E4} = {EA378651-CB3E-3044-96DF-4F78689FA8E4}
	EndProjectSection
EndProject
Project("{8BC9CEB8-8B4A-11D0-8D11-00A0C91BC942}") = "vesper_bench_dummy", "vesper_bench_dummy.vcxproj", "{8C20A2C7-7FAF-357C-81C4-FE02F30C65C4}"
	ProjectSection(ProjectDependencies) = postProject
		{70875723-14F9-347D-B36E-C293D3A8B751} = {70875723-14F9-347D-B36E-C293D3A8B751}
		{B3BF85A0-3555-38B8-A4FE-3CB0F30CF18B} = {B3BF85A0-3555-38B8-A4FE-3CB0F30CF18B}
	EndProjectSection
EndProject
Project("{8BC9CEB8-8B4A-11D0-8D11-00A0C91BC942}") = "vesper_bench_fused_vs_materialized", "vesper_bench_fused_vs_materialized.vcxproj", "{E8390C6F-4653-33E1-8B38-94E013C36973}"
	ProjectSection(ProjectDependencies) = postProject
		{70875723-14F9-347D-B36E-C293D3A8B751} = {70875723-14F9-347D-B36E-C293D3A8B751}
		{B3BF85A0-3555-38B8-A4FE-3CB0F30CF18B} = {B3BF85A0-3555-38B8-A4FE-3CB0F30CF18B}
		{EA378651-CB3E-3044-96DF-4F78689FA8E4} = {EA378651-CB3E-3044-96DF-4F78689FA8E4}
	EndProjectSection
EndProject
Project("{8BC9CEB8-8B4A-11D0-8D11-00A0C91BC942}") = "vesper_bench_index", "vesper_bench_index.vcxproj", "{B54EA117-0805-3ECB-8F52-AB283B1DC65E}"
	ProjectSection(ProjectDependencies) = postProject
		{70875723-14F9-347D-B36E-C293D3A8B751} = {70875723-14F9-347D-B36E-C293D3A8B751}
		{B3BF85A0-3555-38B8-A4FE-3CB0F30CF18B} = {B3BF85A0-3555-38B8-A4FE-3CB0F30CF18B}
		{EA378651-CB3E-3044-96DF-4F78689FA8E4} = {EA378651-CB3E-3044-96DF-4F78689FA8E4}
	EndProjectSection
EndProject
Project("{8BC9CEB8-8B4A-11D0-8D11-00A0C91BC942}") = "vesper_bench_simd", "vesper_bench_simd.vcxproj", "{F64FAE1B-742F-37FF-8F96-142EF5BFD4E0}"
	ProjectSection(ProjectDependencies) = postProject
		{70875723-14F9-347D-B36E-C293D3A8B751} = {70875723-14F9-347D-B36E-C293D3A8B751}
		{B3BF85A0-3555-38B8-A4FE-3CB0F30CF18B} = {B3BF85A0-3555-38B8-A4FE-3CB0F30CF18B}
		{EA378651-CB3E-3044-96DF-4F78689FA8E4} = {EA378651-CB3E-3044-96DF-4F78689FA8E4}
	EndProjectSection
EndProject
Project("{8BC9CEB8-8B4A-11D0-8D11-00A0C91BC942}") = "vesper_core", "vesper_core.vcxproj", "{EA378651-CB3E-3044-96DF-4F78689FA8E4}"
	ProjectSection(ProjectDependencies) = postProject
		{70875723-14F9-347D-B36E-C293D3A8B751} = {70875723-14F9-347D-B36E-C293D3A8B751}
	EndProjectSection
EndProject
Project("{8BC9CEB8-8B4A-11D0-8D11-00A0C91BC942}") = "vesper_headers_check", "vesper_headers_check.vcxproj", "{2319E844-2B68-3FFF-BD24-EA30BC230DD7}"
	ProjectSection(ProjectDependencies) = postProject
		{70875723-14F9-347D-B36E-C293D3A8B751} = {70875723-14F9-347D-B36E-C293D3A8B751}
		{EA378651-CB3E-3044-96DF-4F78689FA8E4} = {EA378651-CB3E-3044-96DF-4F78689FA8E4}
	EndProjectSection
EndProject
Project("{8BC9CEB8-8B4A-11D0-8D11-00A0C91BC942}") = "vesper_tests", "vesper_tests.vcxproj", "{BECF3940-3761-36F8-9D93-832CA8770566}"
	ProjectSection(ProjectDependencies) = postProject
		{8d538cbe-01bf-4a2e-a98a-6c368fdf13d7} = {8d538cbe-01bf-4a2e-a98a-6c368fdf13d7}
		{8bd3552a-2cfb-4a59-ab15-2031b97ada1e} = {8bd3552a-2cfb-4a59-ab15-2031b97ada1e}
		{70875723-14F9-347D-B36E-C293D3A8B751} = {70875723-14F9-347D-B36E-C293D3A8B751}
		{EA378651-CB3E-3044-96DF-4F78689FA8E4} = {EA378651-CB3E-3044-96DF-4F78689FA8E4}
		{EDAB600A-9E71-3D0B-B395-157AA52764D3} = {EDAB600A-9E71-3D0B-B395-157AA52764D3}
	EndProjectSection
EndProject
Project("{8BC9CEB8-8B4A-11D0-8D11-00A0C91BC942}") = "vesper_wal", "vesper_wal.vcxproj", "{EDAB600A-9E71-3D0B-B395-157AA52764D3}"
	ProjectSection(ProjectDependencies) = postProject
		{70875723-14F9-347D-B36E-C293D3A8B751} = {70875723-14F9-347D-B36E-C293D3A8B751}
	EndProjectSection
EndProject
Global
	GlobalSection(SolutionConfigurationPlatforms) = preSolution
		Debug|x64 = Debug|x64
		Release|x64 = Release|x64
		MinSizeRel|x64 = MinSizeRel|x64
		RelWithDebInfo|x64 = RelWithDebInfo|x64
	EndGlobalSection
	GlobalSection(ProjectConfigurationPlatforms) = postSolution
		{26DB46FE-5897-31E4-89D6-E497F4B725B4}.Debug|x64.ActiveCfg = Debug|x64
		{26DB46FE-5897-31E4-89D6-E497F4B725B4}.Debug|x64.Build.0 = Debug|x64
		{26DB46FE-5897-31E4-89D6-E497F4B725B4}.Release|x64.ActiveCfg = Release|x64
		{26DB46FE-5897-31E4-89D6-E497F4B725B4}.Release|x64.Build.0 = Release|x64
		{26DB46FE-5897-31E4-89D6-E497F4B725B4}.MinSizeRel|x64.ActiveCfg = MinSizeRel|x64
		{26DB46FE-5897-31E4-89D6-E497F4B725B4}.MinSizeRel|x64.Build.0 = MinSizeRel|x64
		{26DB46FE-5897-31E4-89D6-E497F4B725B4}.RelWithDebInfo|x64.ActiveCfg = RelWithDebInfo|x64
		{26DB46FE-5897-31E4-89D6-E497F4B725B4}.RelWithDebInfo|x64.Build.0 = RelWithDebInfo|x64
		{8d538cbe-01bf-4a2e-a98a-6c368fdf13d7}.Debug|x64.ActiveCfg = Debug|x64
		{8d538cbe-01bf-4a2e-a98a-6c368fdf13d7}.Debug|x64.Build.0 = Debug|x64
		{8d538cbe-01bf-4a2e-a98a-6c368fdf13d7}.Release|x64.ActiveCfg = Release|x64
		{8d538cbe-01bf-4a2e-a98a-6c368fdf13d7}.Release|x64.Build.0 = Release|x64
		{8d538cbe-01bf-4a2e-a98a-6c368fdf13d7}.MinSizeRel|x64.ActiveCfg = MinSizeRel|x64
		{8d538cbe-01bf-4a2e-a98a-6c368fdf13d7}.MinSizeRel|x64.Build.0 = MinSizeRel|x64
		{8d538cbe-01bf-4a2e-a98a-6c368fdf13d7}.RelWithDebInfo|x64.ActiveCfg = RelWithDebInfo|x64
		{8d538cbe-01bf-4a2e-a98a-6c368fdf13d7}.RelWithDebInfo|x64.Build.0 = RelWithDebInfo|x64
		{8bd3552a-2cfb-4a59-ab15-2031b97ada1e}.Debug|x64.ActiveCfg = Debug|x64
		{8bd3552a-2cfb-4a59-ab15-2031b97ada1e}.Debug|x64.Build.0 = Debug|x64
		{8bd3552a-2cfb-4a59-ab15-2031b97ada1e}.Release|x64.ActiveCfg = Release|x64
		{8bd3552a-2cfb-4a59-ab15-2031b97ada1e}.Release|x64.Build.0 = Release|x64
		{8bd3552a-2cfb-4a59-ab15-2031b97ada1e}.MinSizeRel|x64.ActiveCfg = MinSizeRel|x64
		{8bd3552a-2cfb-4a59-ab15-2031b97ada1e}.MinSizeRel|x64.Build.0 = MinSizeRel|x64
		{8bd3552a-2cfb-4a59-ab15-2031b97ada1e}.RelWithDebInfo|x64.ActiveCfg = RelWithDebInfo|x64
		{8bd3552a-2cfb-4a59-ab15-2031b97ada1e}.RelWithDebInfo|x64.Build.0 = RelWithDebInfo|x64
		{4F6AC416-1FE6-3D3E-934D-FC2C8A3F2F8A}.Debug|x64.ActiveCfg = Debug|x64
		{4F6AC416-1FE6-3D3E-934D-FC2C8A3F2F8A}.Release|x64.ActiveCfg = Release|x64
		{4F6AC416-1FE6-3D3E-934D-FC2C8A3F2F8A}.MinSizeRel|x64.ActiveCfg = MinSizeRel|x64
		{4F6AC416-1FE6-3D3E-934D-FC2C8A3F2F8A}.RelWithDebInfo|x64.ActiveCfg = RelWithDebInfo|x64
		{8CF193BE-B639-3BC7-AF1B-82CAB6034F2A}.Debug|x64.ActiveCfg = Debug|x64
		{8CF193BE-B639-3BC7-AF1B-82CAB6034F2A}.Release|x64.ActiveCfg = Release|x64
		{8CF193BE-B639-3BC7-AF1B-82CAB6034F2A}.MinSizeRel|x64.ActiveCfg = MinSizeRel|x64
		{8CF193BE-B639-3BC7-AF1B-82CAB6034F2A}.RelWithDebInfo|x64.ActiveCfg = RelWithDebInfo|x64
		{038BF791-0962-34ED-8086-EF16D51BC02C}.Debug|x64.ActiveCfg = Debug|x64
		{038BF791-0962-34ED-8086-EF16D51BC02C}.Release|x64.ActiveCfg = Release|x64
		{038BF791-0962-34ED-8086-EF16D51BC02C}.MinSizeRel|x64.ActiveCfg = MinSizeRel|x64
		{038BF791-0962-34ED-8086-EF16D51BC02C}.RelWithDebInfo|x64.ActiveCfg = RelWithDebInfo|x64
		{2216084E-71C7-3622-94F8-D2590EDB0712}.Debug|x64.ActiveCfg = Debug|x64
		{2216084E-71C7-3622-94F8-D2590EDB0712}.Release|x64.ActiveCfg = Release|x64
		{2216084E-71C7-3622-94F8-D2590EDB0712}.MinSizeRel|x64.ActiveCfg = MinSizeRel|x64
		{2216084E-71C7-3622-94F8-D2590EDB0712}.RelWithDebInfo|x64.ActiveCfg = RelWithDebInfo|x64
		{144C4938-953E-3B3C-B18E-E6873595F5D7}.Debug|x64.ActiveCfg = Debug|x64
		{144C4938-953E-3B3C-B18E-E6873595F5D7}.Release|x64.ActiveCfg = Release|x64
		{144C4938-953E-3B3C-B18E-E6873595F5D7}.MinSizeRel|x64.ActiveCfg = MinSizeRel|x64
		{144C4938-953E-3B3C-B18E-E6873595F5D7}.RelWithDebInfo|x64.ActiveCfg = RelWithDebInfo|x64
		{B133485F-8FFB-3A6F-A9C7-7556EAD363A8}.Debug|x64.ActiveCfg = Debug|x64
		{B133485F-8FFB-3A6F-A9C7-7556EAD363A8}.Release|x64.ActiveCfg = Release|x64
		{B133485F-8FFB-3A6F-A9C7-7556EAD363A8}.MinSizeRel|x64.ActiveCfg = MinSizeRel|x64
		{B133485F-8FFB-3A6F-A9C7-7556EAD363A8}.RelWithDebInfo|x64.ActiveCfg = RelWithDebInfo|x64
		{7B2A27CE-F3D3-3BE9-A374-F6866D4BFDFA}.Debug|x64.ActiveCfg = Debug|x64
		{7B2A27CE-F3D3-3BE9-A374-F6866D4BFDFA}.Release|x64.ActiveCfg = Release|x64
		{7B2A27CE-F3D3-3BE9-A374-F6866D4BFDFA}.MinSizeRel|x64.ActiveCfg = MinSizeRel|x64
		{7B2A27CE-F3D3-3BE9-A374-F6866D4BFDFA}.RelWithDebInfo|x64.ActiveCfg = RelWithDebInfo|x64
		{70875723-14F9-347D-B36E-C293D3A8B751}.Debug|x64.ActiveCfg = Debug|x64
		{70875723-14F9-347D-B36E-C293D3A8B751}.Debug|x64.Build.0 = Debug|x64
		{70875723-14F9-347D-B36E-C293D3A8B751}.Release|x64.ActiveCfg = Release|x64
		{70875723-14F9-347D-B36E-C293D3A8B751}.Release|x64.Build.0 = Release|x64
		{70875723-14F9-347D-B36E-C293D3A8B751}.MinSizeRel|x64.ActiveCfg = MinSizeRel|x64
		{70875723-14F9-347D-B36E-C293D3A8B751}.MinSizeRel|x64.Build.0 = MinSizeRel|x64
		{70875723-14F9-347D-B36E-C293D3A8B751}.RelWithDebInfo|x64.ActiveCfg = RelWithDebInfo|x64
		{70875723-14F9-347D-B36E-C293D3A8B751}.RelWithDebInfo|x64.Build.0 = RelWithDebInfo|x64
		{B3BF85A0-3555-38B8-A4FE-3CB0F30CF18B}.Debug|x64.ActiveCfg = Debug|x64
		{B3BF85A0-3555-38B8-A4FE-3CB0F30CF18B}.Debug|x64.Build.0 = Debug|x64
		{B3BF85A0-3555-38B8-A4FE-3CB0F30CF18B}.Release|x64.ActiveCfg = Release|x64
		{B3BF85A0-3555-38B8-A4FE-3CB0F30CF18B}.Release|x64.Build.0 = Release|x64
		{B3BF85A0-3555-38B8-A4FE-3CB0F30CF18B}.MinSizeRel|x64.ActiveCfg = MinSizeRel|x64
		{B3BF85A0-3555-38B8-A4FE-3CB0F30CF18B}.MinSizeRel|x64.Build.0 = MinSizeRel|x64
		{B3BF85A0-3555-38B8-A4FE-3CB0F30CF18B}.RelWithDebInfo|x64.ActiveCfg = RelWithDebInfo|x64
		{B3BF85A0-3555-38B8-A4FE-3CB0F30CF18B}.RelWithDebInfo|x64.Build.0 = RelWithDebInfo|x64
		{C1402A9B-BD83-3CCC-828A-262FD38423D3}.Debug|x64.ActiveCfg = Debug|x64
		{C1402A9B-BD83-3CCC-828A-262FD38423D3}.Debug|x64.Build.0 = Debug|x64
		{C1402A9B-BD83-3CCC-828A-262FD38423D3}.Release|x64.ActiveCfg = Release|x64
		{C1402A9B-BD83-3CCC-828A-262FD38423D3}.Release|x64.Build.0 = Release|x64
		{C1402A9B-BD83-3CCC-828A-262FD38423D3}.MinSizeRel|x64.ActiveCfg = MinSizeRel|x64
		{C1402A9B-BD83-3CCC-828A-262FD38423D3}.MinSizeRel|x64.Build.0 = MinSizeRel|x64
		{C1402A9B-BD83-3CCC-828A-262FD38423D3}.RelWithDebInfo|x64.ActiveCfg = RelWithDebInfo|x64
		{C1402A9B-BD83-3CCC-828A-262FD38423D3}.RelWithDebInfo|x64.Build.0 = RelWithDebInfo|x64
		{BDF2982C-DB08-31E1-932B-894CC9F8A4CF}.Debug|x64.ActiveCfg = Debug|x64
		{BDF2982C-DB08-31E1-932B-894CC9F8A4CF}.Debug|x64.Build.0 = Debug|x64
		{BDF2982C-DB08-31E1-932B-894CC9F8A4CF}.Release|x64.ActiveCfg = Release|x64
		{BDF2982C-DB08-31E1-932B-894CC9F8A4CF}.Release|x64.Build.0 = Release|x64
		{BDF2982C-DB08-31E1-932B-894CC9F8A4CF}.MinSizeRel|x64.ActiveCfg = MinSizeRel|x64
		{BDF2982C-DB08-31E1-932B-894CC9F8A4CF}.MinSizeRel|x64.Build.0 = MinSizeRel|x64
		{BDF2982C-DB08-31E1-932B-894CC9F8A4CF}.RelWithDebInfo|x64.ActiveCfg = RelWithDebInfo|x64
		{BDF2982C-DB08-31E1-932B-894CC9F8A4CF}.RelWithDebInfo|x64.Build.0 = RelWithDebInfo|x64
		{C8A5783B-2A89-307A-98C3-9DE9B8315962}.Debug|x64.ActiveCfg = Debug|x64
		{C8A5783B-2A89-307A-98C3-9DE9B8315962}.Debug|x64.Build.0 = Debug|x64
		{C8A5783B-2A89-307A-98C3-9DE9B8315962}.Release|x64.ActiveCfg = Release|x64
		{C8A5783B-2A89-307A-98C3-9DE9B8315962}.Release|x64.Build.0 = Release|x64
		{C8A5783B-2A89-307A-98C3-9DE9B8315962}.MinSizeRel|x64.ActiveCfg = MinSizeRel|x64
		{C8A5783B-2A89-307A-98C3-9DE9B8315962}.MinSizeRel|x64.Build.0 = MinSizeRel|x64
		{C8A5783B-2A89-307A-98C3-9DE9B8315962}.RelWithDebInfo|x64.ActiveCfg = RelWithDebInfo|x64
		{C8A5783B-2A89-307A-98C3-9DE9B8315962}.RelWithDebInfo|x64.Build.0 = RelWithDebInfo|x64
		{3CDFEB9C-D62F-3151-A250-7FFE5900B0C2}.Debug|x64.ActiveCfg = Debug|x64
		{3CDFEB9C-D62F-3151-A250-7FFE5900B0C2}.Debug|x64.Build.0 = Debug|x64
		{3CDFEB9C-D62F-3151-A250-7FFE5900B0C2}.Release|x64.ActiveCfg = Release|x64
		{3CDFEB9C-D62F-3151-A250-7FFE5900B0C2}.Release|x64.Build.0 = Release|x64
		{3CDFEB9C-D62F-3151-A250-7FFE5900B0C2}.MinSizeRel|x64.ActiveCfg = MinSizeRel|x64
		{3CDFEB9C-D62F-3151-A250-7FFE5900B0C2}.MinSizeRel|x64.Build.0 = MinSizeRel|x64
		{3CDFEB9C-D62F-3151-A250-7FFE5900B0C2}.RelWithDebInfo|x64.ActiveCfg = RelWithDebInfo|x64
		{3CDFEB9C-D62F-3151-A250-7FFE5900B0C2}.RelWithDebInfo|x64.Build.0 = RelWithDebInfo|x64
		{76586611-E640-341A-B9EB-41D30E411C12}.Debug|x64.ActiveCfg = Debug|x64
		{76586611-E640-341A-B9EB-41D30E411C12}.Debug|x64.Build.0 = Debug|x64
		{76586611-E640-341A-B9EB-41D30E411C12}.Release|x64.ActiveCfg = Release|x64
		{76586611-E640-341A-B9EB-41D30E411C12}.Release|x64.Build.0 = Release|x64
		{76586611-E640-341A-B9EB-41D30E411C12}.MinSizeRel|x64.ActiveCfg = MinSizeRel|x64
		{76586611-E640-341A-B9EB-41D30E411C12}.MinSizeRel|x64.Build.0 = MinSizeRel|x64
		{76586611-E640-341A-B9EB-41D30E411C12}.RelWithDebInfo|x64.ActiveCfg = RelWithDebInfo|x64
		{76586611-E640-341A-B9EB-41D30E411C12}.RelWithDebInfo|x64.Build.0 = RelWithDebInfo|x64
		{FF6B440F-AB08-345A-B28C-EE51EE7334D0}.Debug|x64.ActiveCfg = Debug|x64
		{FF6B440F-AB08-345A-B28C-EE51EE7334D0}.Debug|x64.Build.0 = Debug|x64
		{FF6B440F-AB08-345A-B28C-EE51EE7334D0}.Release|x64.ActiveCfg = Release|x64
		{FF6B440F-AB08-345A-B28C-EE51EE7334D0}.Release|x64.Build.0 = Release|x64
		{FF6B440F-AB08-345A-B28C-EE51EE7334D0}.MinSizeRel|x64.ActiveCfg = MinSizeRel|x64
		{FF6B440F-AB08-345A-B28C-EE51EE7334D0}.MinSizeRel|x64.Build.0 = MinSizeRel|x64
		{FF6B440F-AB08-345A-B28C-EE51EE7334D0}.RelWithDebInfo|x64.ActiveCfg = RelWithDebInfo|x64
		{FF6B440F-AB08-345A-B28C-EE51EE7334D0}.RelWithDebInfo|x64.Build.0 = RelWithDebInfo|x64
		{31CE80F8-31F3-3DF7-917C-DCDA037EA5BE}.Debug|x64.ActiveCfg = Debug|x64
		{31CE80F8-31F3-3DF7-917C-DCDA037EA5BE}.Debug|x64.Build.0 = Debug|x64
		{31CE80F8-31F3-3DF7-917C-DCDA037EA5BE}.Release|x64.ActiveCfg = Release|x64
		{31CE80F8-31F3-3DF7-917C-DCDA037EA5BE}.Release|x64.Build.0 = Release|x64
		{31CE80F8-31F3-3DF7-917C-DCDA037EA5BE}.MinSizeRel|x64.ActiveCfg = MinSizeRel|x64
		{31CE80F8-31F3-3DF7-917C-DCDA037EA5BE}.MinSizeRel|x64.Build.0 = MinSizeRel|x64
		{31CE80F8-31F3-3DF7-917C-DCDA037EA5BE}.RelWithDebInfo|x64.ActiveCfg = RelWithDebInfo|x64
		{31CE80F8-31F3-3DF7-917C-DCDA037EA5BE}.RelWithDebInfo|x64.Build.0 = RelWithDebInfo|x64
		{AE835D58-1866-3CF7-AF4F-AD66E9AC67E8}.Debug|x64.ActiveCfg = Debug|x64
		{AE835D58-1866-3CF7-AF4F-AD66E9AC67E8}.Debug|x64.Build.0 = Debug|x64
		{AE835D58-1866-3CF7-AF4F-AD66E9AC67E8}.Release|x64.ActiveCfg = Release|x64
		{AE835D58-1866-3CF7-AF4F-AD66E9AC67E8}.Release|x64.Build.0 = Release|x64
		{AE835D58-1866-3CF7-AF4F-AD66E9AC67E8}.MinSizeRel|x64.ActiveCfg = MinSizeRel|x64
		{AE835D58-1866-3CF7-AF4F-AD66E9AC67E8}.MinSizeRel|x64.Build.0 = MinSizeRel|x64
		{AE835D58-1866-3CF7-AF4F-AD66E9AC67E8}.RelWithDebInfo|x64.ActiveCfg = RelWithDebInfo|x64
		{AE835D58-1866-3CF7-AF4F-AD66E9AC67E8}.RelWithDebInfo|x64.Build.0 = RelWithDebInfo|x64
		{8A3FE104-70D6-3021-8E1A-C3BCF2A56EC1}.Debug|x64.ActiveCfg = Debug|x64
		{8A3FE104-70D6-3021-8E1A-C3BCF2A56EC1}.Debug|x64.Build.0 = Debug|x64
		{8A3FE104-70D6-3021-8E1A-C3BCF2A56EC1}.Release|x64.ActiveCfg = Release|x64
		{8A3FE104-70D6-3021-8E1A-C3BCF2A56EC1}.Release|x64.Build.0 = Release|x64
		{8A3FE104-70D6-3021-8E1A-C3BCF2A56EC1}.MinSizeRel|x64.ActiveCfg = MinSizeRel|x64
		{8A3FE104-70D6-3021-8E1A-C3BCF2A56EC1}.MinSizeRel|x64.Build.0 = MinSizeRel|x64
		{8A3FE104-70D6-3021-8E1A-C3BCF2A56EC1}.RelWithDebInfo|x64.ActiveCfg = RelWithDebInfo|x64
		{8A3FE104-70D6-3021-8E1A-C3BCF2A56EC1}.RelWithDebInfo|x64.Build.0 = RelWithDebInfo|x64
		{7154859F-460C-39B3-BCBF-477CA87330C9}.Debug|x64.ActiveCfg = Debug|x64
		{7154859F-460C-39B3-BCBF-477CA87330C9}.Debug|x64.Build.0 = Debug|x64
		{7154859F-460C-39B3-BCBF-477CA87330C9}.Release|x64.ActiveCfg = Release|x64
		{7154859F-460C-39B3-BCBF-477CA87330C9}.Release|x64.Build.0 = Release|x64
		{7154859F-460C-39B3-BCBF-477CA87330C9}.MinSizeRel|x64.ActiveCfg = MinSizeRel|x64
		{7154859F-460C-39B3-BCBF-477CA87330C9}.MinSizeRel|x64.Build.0 = MinSizeRel|x64
		{7154859F-460C-39B3-BCBF-477CA87330C9}.RelWithDebInfo|x64.ActiveCfg = RelWithDebInfo|x64
		{7154859F-460C-39B3-BCBF-477CA87330C9}.RelWithDebInfo|x64.Build.0 = RelWithDebInfo|x64
		{5FEAE2D7-42DA-3056-8963-4CC6F7549C9A}.Debug|x64.ActiveCfg = Debug|x64
		{5FEAE2D7-42DA-3056-8963-4CC6F7549C9A}.Debug|x64.Build.0 = Debug|x64
		{5FEAE2D7-42DA-3056-8963-4CC6F7549C9A}.Release|x64.ActiveCfg = Release|x64
		{5FEAE2D7-42DA-3056-8963-4CC6F7549C9A}.Release|x64.Build.0 = Release|x64
		{5FEAE2D7-42DA-3056-8963-4CC6F7549C9A}.MinSizeRel|x64.ActiveCfg = MinSizeRel|x64
		{5FEAE2D7-42DA-3056-8963-4CC6F7549C9A}.MinSizeRel|x64.Build.0 = MinSizeRel|x64
		{5FEAE2D7-42DA-3056-8963-4CC6F7549C9A}.RelWithDebInfo|x64.ActiveCfg = RelWithDebInfo|x64
		{5FEAE2D7-42DA-3056-8963-4CC6F7549C9A}.RelWithDebInfo|x64.Build.0 = RelWithDebInfo|x64
		{73ABD488-1EE7-31AE-8C74-DD8B3A9ED432}.Debug|x64.ActiveCfg = Debug|x64
		{73ABD488-1EE7-31AE-8C74-DD8B3A9ED432}.Debug|x64.Build.0 = Debug|x64
		{73ABD488-1EE7-31AE-8C74-DD8B3A9ED432}.Release|x64.ActiveCfg = Release|x64
		{73ABD488-1EE7-31AE-8C74-DD8B3A9ED432}.Release|x64.Build.0 = Release|x64
		{73ABD488-1EE7-31AE-8C74-DD8B3A9ED432}.MinSizeRel|x64.ActiveCfg = MinSizeRel|x64
		{73ABD488-1EE7-31AE-8C74-DD8B3A9ED432}.MinSizeRel|x64.Build.0 = MinSizeRel|x64
		{73ABD488-1EE7-31AE-8C74-DD8B3A9ED432}.RelWithDebInfo|x64.ActiveCfg = RelWithDebInfo|x64
		{73ABD488-1EE7-31AE-8C74-DD8B3A9ED432}.RelWithDebInfo|x64.Build.0 = RelWithDebInfo|x64
		{4A20D676-2578-3E94-BC40-5C19EBACFCE1}.Debug|x64.ActiveCfg = Debug|x64
		{4A20D676-2578-3E94-BC40-5C19EBACFCE1}.Debug|x64.Build.0 = Debug|x64
		{4A20D676-2578-3E94-BC40-5C19EBACFCE1}.Release|x64.ActiveCfg = Release|x64
		{4A20D676-2578-3E94-BC40-5C19EBACFCE1}.Release|x64.Build.0 = Release|x64
		{4A20D676-2578-3E94-BC40-5C19EBACFCE1}.MinSizeRel|x64.ActiveCfg = MinSizeRel|x64
		{4A20D676-2578-3E94-BC40-5C19EBACFCE1}.MinSizeRel|x64.Build.0 = MinSizeRel|x64
		{4A20D676-2578-3E94-BC40-5C19EBACFCE1}.RelWithDebInfo|x64.ActiveCfg = RelWithDebInfo|x64
		{4A20D676-2578-3E94-BC40-5C19EBACFCE1}.RelWithDebInfo|x64.Build.0 = RelWithDebInfo|x64
		{43961550-0992-3426-96DE-266975D77153}.Debug|x64.ActiveCfg = Debug|x64
		{43961550-0992-3426-96DE-266975D77153}.Debug|x64.Build.0 = Debug|x64
		{43961550-0992-3426-96DE-266975D77153}.Release|x64.ActiveCfg = Release|x64
		{43961550-0992-3426-96DE-266975D77153}.Release|x64.Build.0 = Release|x64
		{43961550-0992-3426-96DE-266975D77153}.MinSizeRel|x64.ActiveCfg = MinSizeRel|x64
		{43961550-0992-3426-96DE-266975D77153}.MinSizeRel|x64.Build.0 = MinSizeRel|x64
		{43961550-0992-3426-96DE-266975D77153}.RelWithDebInfo|x64.ActiveCfg = RelWithDebInfo|x64
		{43961550-0992-3426-96DE-266975D77153}.RelWithDebInfo|x64.Build.0 = RelWithDebInfo|x64
		{8A61E356-80F6-30A0-8476-718A91CB793C}.Debug|x64.ActiveCfg = Debug|x64
		{8A61E356-80F6-30A0-8476-718A91CB793C}.Debug|x64.Build.0 = Debug|x64
		{8A61E356-80F6-30A0-8476-718A91CB793C}.Release|x64.ActiveCfg = Release|x64
		{8A61E356-80F6-30A0-8476-718A91CB793C}.Release|x64.Build.0 = Release|x64
		{8A61E356-80F6-30A0-8476-718A91CB793C}.MinSizeRel|x64.ActiveCfg = MinSizeRel|x64
		{8A61E356-80F6-30A0-8476-718A91CB793C}.MinSizeRel|x64.Build.0 = MinSizeRel|x64
		{8A61E356-80F6-30A0-8476-718A91CB793C}.RelWithDebInfo|x64.ActiveCfg = RelWithDebInfo|x64
		{8A61E356-80F6-30A0-8476-718A91CB793C}.RelWithDebInfo|x64.Build.0 = RelWithDebInfo|x64
		{7E8E557F-C0AB-3A3E-80AF-F7B8F8725776}.Debug|x64.ActiveCfg = Debug|x64
		{7E8E557F-C0AB-3A3E-80AF-F7B8F8725776}.Debug|x64.Build.0 = Debug|x64
		{7E8E557F-C0AB-3A3E-80AF-F7B8F8725776}.Release|x64.ActiveCfg = Release|x64
		{7E8E557F-C0AB-3A3E-80AF-F7B8F8725776}.Release|x64.Build.0 = Release|x64
		{7E8E557F-C0AB-3A3E-80AF-F7B8F8725776}.MinSizeRel|x64.ActiveCfg = MinSizeRel|x64
		{7E8E557F-C0AB-3A3E-80AF-F7B8F8725776}.MinSizeRel|x64.Build.0 = MinSizeRel|x64
		{7E8E557F-C0AB-3A3E-80AF-F7B8F8725776}.RelWithDebInfo|x64.ActiveCfg = RelWithDebInfo|x64
		{7E8E557F-C0AB-3A3E-80AF-F7B8F8725776}.RelWithDebInfo|x64.Build.0 = RelWithDebInfo|x64
		{799599A3-2374-32F5-ADBA-BE2CAB2EE63F}.Debug|x64.ActiveCfg = Debug|x64
		{799599A3-2374-32F5-ADBA-BE2CAB2EE63F}.Debug|x64.Build.0 = Debug|x64
		{799599A3-2374-32F5-ADBA-BE2CAB2EE63F}.Release|x64.ActiveCfg = Release|x64
		{799599A3-2374-32F5-ADBA-BE2CAB2EE63F}.Release|x64.Build.0 = Release|x64
		{799599A3-2374-32F5-ADBA-BE2CAB2EE63F}.MinSizeRel|x64.ActiveCfg = MinSizeRel|x64
		{799599A3-2374-32F5-ADBA-BE2CAB2EE63F}.MinSizeRel|x64.Build.0 = MinSizeRel|x64
		{799599A3-2374-32F5-ADBA-BE2CAB2EE63F}.RelWithDebInfo|x64.ActiveCfg = RelWithDebInfo|x64
		{799599A3-2374-32F5-ADBA-BE2CAB2EE63F}.RelWithDebInfo|x64.Build.0 = RelWithDebInfo|x64
		{8C20A2C7-7FAF-357C-81C4-FE02F30C65C4}.Debug|x64.ActiveCfg = Debug|x64
		{8C20A2C7-7FAF-357C-81C4-FE02F30C65C4}.Debug|x64.Build.0 = Debug|x64
		{8C20A2C7-7FAF-357C-81C4-FE02F30C65C4}.Release|x64.ActiveCfg = Release|x64
		{8C20A2C7-7FAF-357C-81C4-FE02F30C65C4}.Release|x64.Build.0 = Release|x64
		{8C20A2C7-7FAF-357C-81C4-FE02F30C65C4}.MinSizeRel|x64.ActiveCfg = MinSizeRel|x64
		{8C20A2C7-7FAF-357C-81C4-FE02F30C65C4}.MinSizeRel|x64.Build.0 = MinSizeRel|x64
		{8C20A2C7-7FAF-357C-81C4-FE02F30C65C4}.RelWithDebInfo|x64.ActiveCfg = RelWithDebInfo|x64
		{8C20A2C7-7FAF-357C-81C4-FE02F30C65C4}.RelWithDebInfo|x64.Build.0 = RelWithDebInfo|x64
		{E8390C6F-4653-33E1-8B38-94E013C36973}.Debug|x64.ActiveCfg = Debug|x64
		{E8390C6F-4653-33E1-8B38-94E013C36973}.Debug|x64.Build.0 = Debug|x64
		{E8390C6F-4653-33E1-8B38-94E013C36973}.Release|x64.ActiveCfg = Release|x64
		{E8390C6F-4653-33E1-8B38-94E013C36973}.Release|x64.Build.0 = Release|x64
		{E8390C6F-4653-33E1-8B38-94E013C36973}.MinSizeRel|x64.ActiveCfg = MinSizeRel|x64
		{E8390C6F-4653-33E1-8B38-94E013C36973}.MinSizeRel|x64.Build.0 = MinSizeRel|x64
		{E8390C6F-4653-33E1-8B38-94E013C36973}.RelWithDebInfo|x64.ActiveCfg = RelWithDebInfo|x64
		{E8390C6F-4653-33E1-8B38-94E013C36973}.RelWithDebInfo|x64.Build.0 = RelWithDebInfo|x64
		{B54EA117-0805-3ECB-8F52-AB283B1DC65E}.Debug|x64.ActiveCfg = Debug|x64
		{B54EA117-0805-3ECB-8F52-AB283B1DC65E}.Debug|x64.Build.0 = Debug|x64
		{B54EA117-0805-3ECB-8F52-AB283B1DC65E}.Release|x64.ActiveCfg = Release|x64
		{B54EA117-0805-3ECB-8F52-AB283B1DC65E}.Release|x64.Build.0 = Release|x64
		{B54EA117-0805-3ECB-8F52-AB283B1DC65E}.MinSizeRel|x64.ActiveCfg = MinSizeRel|x64
		{B54EA117-0805-3ECB-8F52-AB283B1DC65E}.MinSizeRel|x64.Build.0 = MinSizeRel|x64
		{B54EA117-0805-3ECB-8F52-AB283B1DC65E}.RelWithDebInfo|x64.ActiveCfg = RelWithDebInfo|x64
		{B54EA117-0805-3ECB-8F52-AB283B1DC65E}.RelWithDebInfo|x64.Build.0 = RelWithDebInfo|x64
		{F64FAE1B-742F-37FF-8F96-142EF5BFD4E0}.Debug|x64.ActiveCfg = Debug|x64
		{F64FAE1B-742F-37FF-8F96-142EF5BFD4E0}.Debug|x64.Build.0 = Debug|x64
		{F64FAE1B-742F-37FF-8F96-142EF5BFD4E0}.Release|x64.ActiveCfg = Release|x64
		{F64FAE1B-742F-37FF-8F96-142EF5BFD4E0}.Release|x64.Build.0 = Release|x64
		{F64FAE1B-742F-37FF-8F96-142EF5BFD4E0}.MinSizeRel|x64.ActiveCfg = MinSizeRel|x64
		{F64FAE1B-742F-37FF-8F96-142EF5BFD4E0}.MinSizeRel|x64.Build.0 = MinSizeRel|x64
		{F64FAE1B-742F-37FF-8F96-142EF5BFD4E0}.RelWithDebInfo|x64.ActiveCfg = RelWithDebInfo|x64
		{F64FAE1B-742F-37FF-8F96-142EF5BFD4E0}.RelWithDebInfo|x64.Build.0 = RelWithDebInfo|x64
		{EA378651-CB3E-3044-96DF-4F78689FA8E4}.Debug|x64.ActiveCfg = Debug|x64
		{EA378651-CB3E-3044-96DF-4F78689FA8E4}.Debug|x64.Build.0 = Debug|x64
		{EA378651-CB3E-3044-96DF-4F78689FA8E4}.Release|x64.ActiveCfg = Release|x64
		{EA378651-CB3E-3044-96DF-4F78689FA8E4}.Release|x64.Build.0 = Release|x64
		{EA378651-CB3E-3044-96DF-4F78689FA8E4}.MinSizeRel|x64.ActiveCfg = MinSizeRel|x64
		{EA378651-CB3E-3044-96DF-4F78689FA8E4}.MinSizeRel|x64.Build.0 = MinSizeRel|x64
		{EA378651-CB3E-3044-96DF-4F78689FA8E4}.RelWithDebInfo|x64.ActiveCfg = RelWithDebInfo|x64
		{EA378651-CB3E-3044-96DF-4F78689FA8E4}.RelWithDebInfo|x64.Build.0 = RelWithDebInfo|x64
		{2319E844-2B68-3FFF-BD24-EA30BC230DD7}.Debug|x64.ActiveCfg = Debug|x64
		{2319E844-2B68-3FFF-BD24-EA30BC230DD7}.Debug|x64.Build.0 = Debug|x64
		{2319E844-2B68-3FFF-BD24-EA30BC230DD7}.Release|x64.ActiveCfg = Release|x64
		{2319E844-2B68-3FFF-BD24-EA30BC230DD7}.Release|x64.Build.0 = Release|x64
		{2319E844-2B68-3FFF-BD24-EA30BC230DD7}.MinSizeRel|x64.ActiveCfg = MinSizeRel|x64
		{2319E844-2B68-3FFF-BD24-EA30BC230DD7}.MinSizeRel|x64.Build.0 = MinSizeRel|x64
		{2319E844-2B68-3FFF-BD24-EA30BC230DD7}.RelWithDebInfo|x64.ActiveCfg = RelWithDebInfo|x64
		{2319E844-2B68-3FFF-BD24-EA30BC230DD7}.RelWithDebInfo|x64.Build.0 = RelWithDebInfo|x64
		{BECF3940-3761-36F8-9D93-832CA8770566}.Debug|x64.ActiveCfg = Debug|x64
		{BECF3940-3761-36F8-9D93-832CA8770566}.Debug|x64.Build.0 = Debug|x64
		{BECF3940-3761-36F8-9D93-832CA8770566}.Release|x64.ActiveCfg = Release|x64
		{BECF3940-3761-36F8-9D93-832CA8770566}.Release|x64.Build.0 = Release|x64
		{BECF3940-3761-36F8-9D93-832CA8770566}.MinSizeRel|x64.ActiveCfg = MinSizeRel|x64
		{BECF3940-3761-36F8-9D93-832CA8770566}.MinSizeRel|x64.Build.0 = MinSizeRel|x64
		{BECF3940-3761-36F8-9D93-832CA8770566}.RelWithDebInfo|x64.ActiveCfg = RelWithDebInfo|x64
		{BECF3940-3761-36F8-9D93-832CA8770566}.RelWithDebInfo|x64.Build.0 = RelWithDebInfo|x64
		{EDAB600A-9E71-3D0B-B395-157AA52764D3}.Debug|x64.ActiveCfg = Debug|x64
		{EDAB600A-9E71-3D0B-B395-157AA52764D3}.Debug|x64.Build.0 = Debug|x64
		{EDAB600A-9E71-3D0B-B395-157AA52764D3}.Release|x64.ActiveCfg = Release|x64
		{EDAB600A-9E71-3D0B-B395-157AA52764D3}.Release|x64.Build.0 = Release|x64
		{EDAB600A-9E71-3D0B-B395-157AA52764D3}.MinSizeRel|x64.ActiveCfg = MinSizeRel|x64
		{EDAB600A-9E71-3D0B-B395-157AA52764D3}.MinSizeRel|x64.Build.0 = MinSizeRel|x64
		{EDAB600A-9E71-3D0B-B395-157AA52764D3}.RelWithDebInfo|x64.ActiveCfg = RelWithDebInfo|x64
		{EDAB600A-9E71-3D0B-B395-157AA52764D3}.RelWithDebInfo|x64.Build.0 = RelWithDebInfo|x64
	EndGlobalSection
	GlobalSection(ExtensibilityGlobals) = postSolution
		SolutionGuid = {A2B56D05-4649-34A8-B2CC-88D86CAEA4FF}
	EndGlobalSection
	GlobalSection(ExtensibilityAddIns) = postSolution
	EndGlobalSection
EndGlobal
